
Microsoft Visual Studio Solution File, Format Version 12.00
# Visual Studio Version 16
VisualStudioVersion = 16.0.31025.194
MinimumVisualStudioVersion = 10.0.40219.1
Project("{9A19103F-16F7-4668-BE54-9A1E7A4F7556}") = "Unverum", "Unverum\Unverum.csproj", "{BC84D94C-194C-4856-8121-9E94A06E555D}"
EndProject
Global
	GlobalSection(SolutionConfigurationPlatforms) = preSolution
		Debug|Any CPU = Debug|Any CPU
		Release|Any CPU = Release|Any CPU
	EndGlobalSection
	GlobalSection(ProjectConfigurationPlatforms) = postSolution
		{BC84D94C-194C-4856-8121-9E94A06E555D}.Debug|Any CPU.ActiveCfg = Debug|Any CPU
		{BC84D94C-194C-4856-8121-9E94A06E555D}.Debug|Any CPU.Build.0 = Debug|Any CPU
		{BC84D94C-194C-4856-8121-9E94A06E555D}.Release|Any CPU.ActiveCfg = Release|Any CPU
		{BC84D94C-194C-4856-8121-9E94A06E555D}.Release|Any CPU.Build.0 = Release|Any CPU
	EndGlobalSection
	GlobalSection(SolutionProperties) = preSolution
		HideSolutionNode = FALSE
	EndGlobalSection
	GlobalSection(ExtensibilityGlobals) = postSolution
		SolutionGuid = {E14C33D3-848E-49FA-A633-85A493D0E875}
	EndGlobalSection
EndGlobal
